
Microsoft Visual Studio Solution File, Format Version 12.00
# Visual Studio Version 16
VisualStudioVersion = 16.0.29806.167
MinimumVisualStudioVersion = 10.0.40219.1
Project("{9A19103F-16F7-4668-BE54-9A1E7A4F7556}") = "BlazorAssignment", "BlazorAssignment.csproj", "{B0A48FAA-5DFB-41CF-8071-7BCD9124FD46}"
EndProject
Project("{9A19103F-16F7-4668-BE54-9A1E7A4F7556}") = "BlazorAssignmentAPI", "..\BlazorAssignmentAPI\BlazorAssignmentAPI.csproj", "{B784AFAF-0040-4C8A-BD1F-99918739C376}"
EndProject
Project("{9A19103F-16F7-4668-BE54-9A1E7A4F7556}") = "BlazorAssignmentClassLibrary", "..\BlazorAssignmentClassLibrary\BlazorAssignmentClassLibrary.csproj", "{8DAFF699-FA84-4CBB-BA3B-DF161E26C332}"
EndProject
Global
	GlobalSection(SolutionConfigurationPlatforms) = preSolution
		Debug|Any CPU = Debug|Any CPU
		Release|Any CPU = Release|Any CPU
	EndGlobalSection
	GlobalSection(ProjectConfigurationPlatforms) = postSolution
		{B0A48FAA-5DFB-41CF-8071-7BCD9124FD46}.Debug|Any CPU.ActiveCfg = Debug|Any CPU
		{B0A48FAA-5DFB-41CF-8071-7BCD9124FD46}.Debug|Any CPU.Build.0 = Debug|Any CPU
		{B0A48FAA-5DFB-41CF-8071-7BCD9124FD46}.Release|Any CPU.ActiveCfg = Release|Any CPU
		{B0A48FAA-5DFB-41CF-8071-7BCD9124FD46}.Release|Any CPU.Build.0 = Release|Any CPU
		{B784AFAF-0040-4C8A-BD1F-99918739C376}.Debug|Any CPU.ActiveCfg = Debug|Any CPU
		{B784AFAF-0040-4C8A-BD1F-99918739C376}.Debug|Any CPU.Build.0 = Debug|Any CPU
		{B784AFAF-0040-4C8A-BD1F-99918739C376}.Release|Any CPU.ActiveCfg = Release|Any CPU
		{B784AFAF-0040-4C8A-BD1F-99918739C376}.Release|Any CPU.Build.0 = Release|Any CPU
		{8DAFF699-FA84-4CBB-BA3B-DF161E26C332}.Debug|Any CPU.ActiveCfg = Debug|Any CPU
		{8DAFF699-FA84-4CBB-BA3B-DF161E26C332}.Debug|Any CPU.Build.0 = Debug|Any CPU
		{8DAFF699-FA84-4CBB-BA3B-DF161E26C332}.Release|Any CPU.ActiveCfg = Release|Any CPU
		{8DAFF699-FA84-4CBB-BA3B-DF161E26C332}.Release|Any CPU.Build.0 = Release|Any CPU
	EndGlobalSection
	GlobalSection(SolutionProperties) = preSolution
		HideSolutionNode = FALSE
	EndGlobalSection
	GlobalSection(ExtensibilityGlobals) = postSolution
		SolutionGuid = {1A9C6E11-1AC8-42B8-9477-696132B05736}
	EndGlobalSection
EndGlobal
